{
  "requires": true,
  "lockfileVersion": 1,
  "dependencies": {
    "ngx-currency": {
      "version": "2.0.0",
      "resolved": "https://registry.npmjs.org/ngx-currency/-/ngx-currency-2.0.0.tgz",
      "integrity": "sha512-B5oZLrkSgnGGQ271TT4MoNvsDb3ATMDKPKHuDKNKvfqA9QQXVXl7HCWjQ/0WOep/alh6mpJYJI8xQkCk6TCP5g=="
    },
    "ngx-currency-mask": {
      "version": "4.3.2",
      "resolved": "https://registry.npmjs.org/ngx-currency-mask/-/ngx-currency-mask-4.3.2.tgz",
      "integrity": "sha512-GOJfUcezrGMSXyziLgISGUiL5gnRqe+ds5EYN+kyXBt/Qa0el6iQrxMued/ya2naoiYJOmdiVWdZKKA05PswEw=="
    },
    "ngx-mask": {
      "version": "9.1.2",
      "resolved": "https://registry.npmjs.org/ngx-mask/-/ngx-mask-9.1.2.tgz",
      "integrity": "sha512-Fkf1HjBahuDlOSnygya9eXrR0Do3H2LXgxioJz6tHRnSU1Z5I0qkrJ5VbM9zLCQ3TUy0/bUUBK8h5bap8RVQ4w==",
      "requires": {
        "tslib": "^1.10.0"
      }
    },
    "tslib": {
      "version": "1.13.0",
      "resolved": "https://registry.npmjs.org/tslib/-/tslib-1.13.0.tgz",
      "integrity": "sha512-i/6DQjL8Xf3be4K/E6Wgpekn5Qasl1usyw++dAA35Ue5orEn65VIxOA+YvNNl9HV3qv70T7CNwjODHZrLwvd1Q=="
    }
  }
}
