
Microsoft Visual Studio Solution File, Format Version 12.00
# Visual Studio 15
VisualStudioVersion = 15.0.26124.0
MinimumVisualStudioVersion = 15.0.26124.0
Project("{FAE04EC0-301F-11D3-BF4B-00C04F79EFBC}") = "Project.WebAPI", "Project.WebAPI\Project.WebAPI.csproj", "{8E5A4BC4-6BDD-4938-92A0-F5050C52019E}"
EndProject
Project("{FAE04EC0-301F-11D3-BF4B-00C04F79EFBC}") = "Project.Repository", "Project.Repository\Project.Repository.csproj", "{000BF5E5-92AA-40FC-AC1D-39618E055285}"
EndProject
Project("{FAE04EC0-301F-11D3-BF4B-00C04F79EFBC}") = "Project.Domain", "Project.Domain\Project.Domain.csproj", "{C6934BA8-43F2-4B98-9B15-F049FDA2D90E}"
EndProject
Global
	GlobalSection(SolutionConfigurationPlatforms) = preSolution
		Debug|Any CPU = Debug|Any CPU
		Debug|x64 = Debug|x64
		Debug|x86 = Debug|x86
		Release|Any CPU = Release|Any CPU
		Release|x64 = Release|x64
		Release|x86 = Release|x86
	EndGlobalSection
	GlobalSection(SolutionProperties) = preSolution
		HideSolutionNode = FALSE
	EndGlobalSection
	GlobalSection(ProjectConfigurationPlatforms) = postSolution
		{8E5A4BC4-6BDD-4938-92A0-F5050C52019E}.Debug|Any CPU.ActiveCfg = Debug|Any CPU
		{8E5A4BC4-6BDD-4938-92A0-F5050C52019E}.Debug|Any CPU.Build.0 = Debug|Any CPU
		{8E5A4BC4-6BDD-4938-92A0-F5050C52019E}.Debug|x64.ActiveCfg = Debug|Any CPU
		{8E5A4BC4-6BDD-4938-92A0-F5050C52019E}.Debug|x64.Build.0 = Debug|Any CPU
		{8E5A4BC4-6BDD-4938-92A0-F5050C52019E}.Debug|x86.ActiveCfg = Debug|Any CPU
		{8E5A4BC4-6BDD-4938-92A0-F5050C52019E}.Debug|x86.Build.0 = Debug|Any CPU
		{8E5A4BC4-6BDD-4938-92A0-F5050C52019E}.Release|Any CPU.ActiveCfg = Release|Any CPU
		{8E5A4BC4-6BDD-4938-92A0-F5050C52019E}.Release|Any CPU.Build.0 = Release|Any CPU
		{8E5A4BC4-6BDD-4938-92A0-F5050C52019E}.Release|x64.ActiveCfg = Release|Any CPU
		{8E5A4BC4-6BDD-4938-92A0-F5050C52019E}.Release|x64.Build.0 = Release|Any CPU
		{8E5A4BC4-6BDD-4938-92A0-F5050C52019E}.Release|x86.ActiveCfg = Release|Any CPU
		{8E5A4BC4-6BDD-4938-92A0-F5050C52019E}.Release|x86.Build.0 = Release|Any CPU
		{000BF5E5-92AA-40FC-AC1D-39618E055285}.Debug|Any CPU.ActiveCfg = Debug|Any CPU
		{000BF5E5-92AA-40FC-AC1D-39618E055285}.Debug|Any CPU.Build.0 = Debug|Any CPU
		{000BF5E5-92AA-40FC-AC1D-39618E055285}.Debug|x64.ActiveCfg = Debug|Any CPU
		{000BF5E5-92AA-40FC-AC1D-39618E055285}.Debug|x64.Build.0 = Debug|Any CPU
		{000BF5E5-92AA-40FC-AC1D-39618E055285}.Debug|x86.ActiveCfg = Debug|Any CPU
		{000BF5E5-92AA-40FC-AC1D-39618E055285}.Debug|x86.Build.0 = Debug|Any CPU
		{000BF5E5-92AA-40FC-AC1D-39618E055285}.Release|Any CPU.ActiveCfg = Release|Any CPU
		{000BF5E5-92AA-40FC-AC1D-39618E055285}.Release|Any CPU.Build.0 = Release|Any CPU
		{000BF5E5-92AA-40FC-AC1D-39618E055285}.Release|x64.ActiveCfg = Release|Any CPU
		{000BF5E5-92AA-40FC-AC1D-39618E055285}.Release|x64.Build.0 = Release|Any CPU
		{000BF5E5-92AA-40FC-AC1D-39618E055285}.Release|x86.ActiveCfg = Release|Any CPU
		{000BF5E5-92AA-40FC-AC1D-39618E055285}.Release|x86.Build.0 = Release|Any CPU
		{C6934BA8-43F2-4B98-9B15-F049FDA2D90E}.Debug|Any CPU.ActiveCfg = Debug|Any CPU
		{C6934BA8-43F2-4B98-9B15-F049FDA2D90E}.Debug|Any CPU.Build.0 = Debug|Any CPU
		{C6934BA8-43F2-4B98-9B15-F049FDA2D90E}.Debug|x64.ActiveCfg = Debug|Any CPU
		{C6934BA8-43F2-4B98-9B15-F049FDA2D90E}.Debug|x64.Build.0 = Debug|Any CPU
		{C6934BA8-43F2-4B98-9B15-F049FDA2D90E}.Debug|x86.ActiveCfg = Debug|Any CPU
		{C6934BA8-43F2-4B98-9B15-F049FDA2D90E}.Debug|x86.Build.0 = Debug|Any CPU
		{C6934BA8-43F2-4B98-9B15-F049FDA2D90E}.Release|Any CPU.ActiveCfg = Release|Any CPU
		{C6934BA8-43F2-4B98-9B15-F049FDA2D90E}.Release|Any CPU.Build.0 = Release|Any CPU
		{C6934BA8-43F2-4B98-9B15-F049FDA2D90E}.Release|x64.ActiveCfg = Release|Any CPU
		{C6934BA8-43F2-4B98-9B15-F049FDA2D90E}.Release|x64.Build.0 = Release|Any CPU
		{C6934BA8-43F2-4B98-9B15-F049FDA2D90E}.Release|x86.ActiveCfg = Release|Any CPU
		{C6934BA8-43F2-4B98-9B15-F049FDA2D90E}.Release|x86.Build.0 = Release|Any CPU
	EndGlobalSection
EndGlobal
